{
  "lockfileVersion": 1,
  "configVersion": 1,
  "workspaces": {
    "": {
      "name": "cisco-auto",
      "dependencies": {
        "chalk": "^5.6.2",
        "commander": "^14.0.3",
        "fast-xml-parser": "^5.5.6",
        "inquirer": "^13.3.2",
        "js-yaml": "^4.1.1",
        "node-ssh": "^13.2.1",
        "pino": "^10.3.1",
        "twofish-ts": "^1.0.2",
        "zod": "^4.3.6",
      },
      "devDependencies": {
        "@types/bun": "latest",
        "@types/inquirer": "^9.0.9",
        "@types/js-yaml": "^4.0.9",
      },
      "peerDependencies": {
        "typescript": "^5",
      },
    },
  },
  "packages": {
    "@inquirer/ansi": ["@inquirer/ansi@2.0.4", "", {}, "sha512-DpcZrQObd7S0R/U3bFdkcT5ebRwbTTC4D3tCc1vsJizmgPLxNJBo+AAFmrZwe8zk30P2QzgzGWZ3Q9uJwWuhIg=="],

    "@inquirer/checkbox": ["@inquirer/checkbox@5.1.2", "", { "dependencies": { "@inquirer/ansi": "^2.0.4", "@inquirer/core": "^11.1.7", "@inquirer/figures": "^2.0.4", "@inquirer/type": "^4.0.4" }, "peerDependencies": { "@types/node": ">=18" }, "optionalPeers": ["@types/node"] }, "sha512-PubpMPO2nJgMufkoB3P2wwxNXEMUXnBIKi/ACzDUYfaoPuM7gSTmuxJeMscoLVEsR4qqrCMf5p0SiYGWnVJ8kw=="],

    "@inquirer/confirm": ["@inquirer/confirm@6.0.10", "", { "dependencies": { "@inquirer/core": "^11.1.7", "@inquirer/type": "^4.0.4" }, "peerDependencies": { "@types/node": ">=18" }, "optionalPeers": ["@types/node"] }, "sha512-tiNyA73pgpQ0FQ7axqtoLUe4GDYjNCDcVsbgcA5anvwg2z6i+suEngLKKJrWKJolT//GFPZHwN30binDIHgSgQ=="],

    "@inquirer/core": ["@inquirer/core@11.1.7", "", { "dependencies": { "@inquirer/ansi": "^2.0.4", "@inquirer/figures": "^2.0.4", "@inquirer/type": "^4.0.4", "cli-width": "^4.1.0", "fast-wrap-ansi": "^0.2.0", "mute-stream": "^3.0.0", "signal-exit": "^4.1.0" }, "peerDependencies": { "@types/node": ">=18" }, "optionalPeers": ["@types/node"] }, "sha512-1BiBNDk9btIwYIzNZpkikIHXWeNzNncJePPqwDyVMhXhD1ebqbpn1mKGctpoqAbzywZfdG0O4tvmsGIcOevAPQ=="],

    "@inquirer/editor": ["@inquirer/editor@5.0.10", "", { "dependencies": { "@inquirer/core": "^11.1.7", "@inquirer/external-editor": "^2.0.4", "@inquirer/type": "^4.0.4" }, "peerDependencies": { "@types/node": ">=18" }, "optionalPeers": ["@types/node"] }, "sha512-VJx4XyaKea7t8hEApTw5dxeIyMtWXre2OiyJcICCRZI4hkoHsMoCnl/KbUnJJExLbH9csLLHMVR144ZhFE1CwA=="],

    "@inquirer/expand": ["@inquirer/expand@5.0.10", "", { "dependencies": { "@inquirer/core": "^11.1.7", "@inquirer/type": "^4.0.4" }, "peerDependencies": { "@types/node": ">=18" }, "optionalPeers": ["@types/node"] }, "sha512-fC0UHJPXsTRvY2fObiwuQYaAnHrp3aDqfwKUJSdfpgv18QUG054ezGbaRNStk/BKD5IPijeMKWej8VV8O5Q/eQ=="],

    "@inquirer/external-editor": ["@inquirer/external-editor@2.0.4", "", { "dependencies": { "chardet": "^2.1.1", "iconv-lite": "^0.7.2" }, "peerDependencies": { "@types/node": ">=18" }, "optionalPeers": ["@types/node"] }, "sha512-Prenuv9C1PHj2Itx0BcAOVBTonz02Hc2Nd2DbU67PdGUaqn0nPCnV34oDyyoaZHnmfRxkpuhh/u51ThkrO+RdA=="],

    "@inquirer/figures": ["@inquirer/figures@2.0.4", "", {}, "sha512-eLBsjlS7rPS3WEhmOmh1znQ5IsQrxWzxWDxO51e4urv+iVrSnIHbq4zqJIOiyNdYLa+BVjwOtdetcQx1lWPpiQ=="],

    "@inquirer/input": ["@inquirer/input@5.0.10", "", { "dependencies": { "@inquirer/core": "^11.1.7", "@inquirer/type": "^4.0.4" }, "peerDependencies": { "@types/node": ">=18" }, "optionalPeers": ["@types/node"] }, "sha512-nvZ6qEVeX/zVtZ1dY2hTGDQpVGD3R7MYPLODPgKO8Y+RAqxkrP3i/3NwF3fZpLdaMiNuK0z2NaYIx9tPwiSegQ=="],

    "@inquirer/number": ["@inquirer/number@4.0.10", "", { "dependencies": { "@inquirer/core": "^11.1.7", "@inquirer/type": "^4.0.4" }, "peerDependencies": { "@types/node": ">=18" }, "optionalPeers": ["@types/node"] }, "sha512-Ht8OQstxiS3APMGjHV0aYAjRAysidWdwurWEo2i8yI5xbhOBWqizT0+MU1S2GCcuhIBg+3SgWVjEoXgfhY+XaA=="],

    "@inquirer/password": ["@inquirer/password@5.0.10", "", { "dependencies": { "@inquirer/ansi": "^2.0.4", "@inquirer/core": "^11.1.7", "@inquirer/type": "^4.0.4" }, "peerDependencies": { "@types/node": ">=18" }, "optionalPeers": ["@types/node"] }, "sha512-QbNyvIE8q2GTqKLYSsA8ATG+eETo+m31DSR0+AU7x3d2FhaTWzqQek80dj3JGTo743kQc6mhBR0erMjYw5jQ0A=="],

    "@inquirer/prompts": ["@inquirer/prompts@8.3.2", "", { "dependencies": { "@inquirer/checkbox": "^5.1.2", "@inquirer/confirm": "^6.0.10", "@inquirer/editor": "^5.0.10", "@inquirer/expand": "^5.0.10", "@inquirer/input": "^5.0.10", "@inquirer/number": "^4.0.10", "@inquirer/password": "^5.0.10", "@inquirer/rawlist": "^5.2.6", "@inquirer/search": "^4.1.6", "@inquirer/select": "^5.1.2" }, "peerDependencies": { "@types/node": ">=18" }, "optionalPeers": ["@types/node"] }, "sha512-yFroiSj2iiBFlm59amdTvAcQFvWS6ph5oKESls/uqPBect7rTU2GbjyZO2DqxMGuIwVA8z0P4K6ViPcd/cp+0w=="],

    "@inquirer/rawlist": ["@inquirer/rawlist@5.2.6", "", { "dependencies": { "@inquirer/core": "^11.1.7", "@inquirer/type": "^4.0.4" }, "peerDependencies": { "@types/node": ">=18" }, "optionalPeers": ["@types/node"] }, "sha512-jfw0MLJ5TilNsa9zlJ6nmRM0ZFVZhhTICt4/6CU2Dv1ndY7l3sqqo1gIYZyMMDw0LvE1u1nzJNisfHEhJIxq5w=="],

    "@inquirer/search": ["@inquirer/search@4.1.6", "", { "dependencies": { "@inquirer/core": "^11.1.7", "@inquirer/figures": "^2.0.4", "@inquirer/type": "^4.0.4" }, "peerDependencies": { "@types/node": ">=18" }, "optionalPeers": ["@types/node"] }, "sha512-3/6kTRae98hhDevENScy7cdFEuURnSpM3JbBNg8yfXLw88HgTOl+neUuy/l9W0No5NzGsLVydhBzTIxZP7yChQ=="],

    "@inquirer/select": ["@inquirer/select@5.1.2", "", { "dependencies": { "@inquirer/ansi": "^2.0.4", "@inquirer/core": "^11.1.7", "@inquirer/figures": "^2.0.4", "@inquirer/type": "^4.0.4" }, "peerDependencies": { "@types/node": ">=18" }, "optionalPeers": ["@types/node"] }, "sha512-kTK8YIkHV+f02y7bWCh7E0u2/11lul5WepVTclr3UMBtBr05PgcZNWfMa7FY57ihpQFQH/spLMHTcr0rXy50tA=="],

    "@inquirer/type": ["@inquirer/type@4.0.4", "", { "peerDependencies": { "@types/node": ">=18" }, "optionalPeers": ["@types/node"] }, "sha512-PamArxO3cFJZoOzspzo6cxVlLeIftyBsZw/S9bKY5DzxqJVZgjoj1oP8d0rskKtp7sZxBycsoer1g6UeJV1BBA=="],

    "@pinojs/redact": ["@pinojs/redact@0.4.0", "", {}, "sha512-k2ENnmBugE/rzQfEcdWHcCY+/FM3VLzH9cYEsbdsoqrvzAKRhUZeRNhAZvB8OitQJ1TBed3yqWtdjzS6wJKBwg=="],

    "@types/bun": ["@types/bun@1.3.10", "", { "dependencies": { "bun-types": "1.3.10" } }, "sha512-0+rlrUrOrTSskibryHbvQkDOWRJwJZqZlxrUs1u4oOoTln8+WIXBPmAuCF35SWB2z4Zl3E84Nl/D0P7803nigQ=="],

    "@types/inquirer": ["@types/inquirer@9.0.9", "", { "dependencies": { "@types/through": "*", "rxjs": "^7.2.0" } }, "sha512-/mWx5136gts2Z2e5izdoRCo46lPp5TMs9R15GTSsgg/XnZyxDWVqoVU3R9lWnccKpqwsJLvRoxbCjoJtZB7DSw=="],

    "@types/js-yaml": ["@types/js-yaml@4.0.9", "", {}, "sha512-k4MGaQl5TGo/iipqb2UDG2UwjXziSWkh0uysQelTlJpX1qGlpUZYm8PnO4DxG1qBomtJUdYJ6qR6xdIah10JLg=="],

    "@types/node": ["@types/node@25.5.0", "", { "dependencies": { "undici-types": "~7.18.0" } }, "sha512-jp2P3tQMSxWugkCUKLRPVUpGaL5MVFwF8RDuSRztfwgN1wmqJeMSbKlnEtQqU8UrhTmzEmZdu2I6v2dpp7XIxw=="],

    "@types/through": ["@types/through@0.0.33", "", { "dependencies": { "@types/node": "*" } }, "sha512-HsJ+z3QuETzP3cswwtzt2vEIiHBk/dCcHGhbmG5X3ecnwFD/lPrMpliGXxSCg03L9AhrdwA4Oz/qfspkDW+xGQ=="],

    "argparse": ["argparse@2.0.1", "", {}, "sha512-8+9WqebbFzpX9OR+Wa6O29asIogeRMzcGtAINdpMHHyAg10f05aSFVBbcEqGf/PXw1EjAZ+q2/bEBg3DvurK3Q=="],

    "asn1": ["asn1@0.2.6", "", { "dependencies": { "safer-buffer": "~2.1.0" } }, "sha512-ix/FxPn0MDjeyJ7i/yoHGFt/EX6LyNbxSEhPPXODPL+KB0VPk86UYfL0lMdy+KCnv+fmvIzySwaK5COwqVbWTQ=="],

    "atomic-sleep": ["atomic-sleep@1.0.0", "", {}, "sha512-kNOjDqAh7px0XWNI+4QbzoiR/nTkHAWNud2uvnJquD1/x5a7EQZMJT0AczqK0Qn67oY/TTQ1LbUKajZpp3I9tQ=="],

    "bcrypt-pbkdf": ["bcrypt-pbkdf@1.0.2", "", { "dependencies": { "tweetnacl": "^0.14.3" } }, "sha512-qeFIXtP4MSoi6NLqO12WfqARWWuCKi2Rn/9hJLEmtB5yTNr9DqFWkJRCf2qShWzPeAMRnOgCrq0sg/KLv5ES9w=="],

    "buildcheck": ["buildcheck@0.0.7", "", {}, "sha512-lHblz4ahamxpTmnsk+MNTRWsjYKv965MwOrSJyeD588rR3Jcu7swE+0wN5F+PbL5cjgu/9ObkhfzEPuofEMwLA=="],

    "bun-types": ["bun-types@1.3.10", "", { "dependencies": { "@types/node": "*" } }, "sha512-tcpfCCl6XWo6nCVnpcVrxQ+9AYN1iqMIzgrSKYMB/fjLtV2eyAVEg7AxQJuCq/26R6HpKWykQXuSOq/21RYcbg=="],

    "chalk": ["chalk@5.6.2", "", {}, "sha512-7NzBL0rN6fMUW+f7A6Io4h40qQlG+xGmtMxfbnH/K7TAtt8JQWVQK+6g0UXKMeVJoyV5EkkNsErQ8pVD3bLHbA=="],

    "chardet": ["chardet@2.1.1", "", {}, "sha512-PsezH1rqdV9VvyNhxxOW32/d75r01NY7TQCmOqomRo15ZSOKbpTFVsfjghxo6JloQUCGnH4k1LGu0R4yCLlWQQ=="],

    "cli-width": ["cli-width@4.1.0", "", {}, "sha512-ouuZd4/dm2Sw5Gmqy6bGyNNNe1qt9RpmxveLSO7KcgsTnU7RXfsw+/bukWGo1abgBiMAic068rclZsO4IWmmxQ=="],

    "commander": ["commander@14.0.3", "", {}, "sha512-H+y0Jo/T1RZ9qPP4Eh1pkcQcLRglraJaSLoyOtHxu6AapkjWVCy2Sit1QQ4x3Dng8qDlSsZEet7g5Pq06MvTgw=="],

    "cpu-features": ["cpu-features@0.0.10", "", { "dependencies": { "buildcheck": "~0.0.6", "nan": "^2.19.0" } }, "sha512-9IkYqtX3YHPCzoVg1Py+o9057a3i0fp7S530UWokCSaFVTc7CwXPRiOjRjBQQ18ZCNafx78YfnG+HALxtVmOGA=="],

    "fast-string-truncated-width": ["fast-string-truncated-width@3.0.3", "", {}, "sha512-0jjjIEL6+0jag3l2XWWizO64/aZVtpiGE3t0Zgqxv0DPuxiMjvB3M24fCyhZUO4KomJQPj3LTSUnDP3GpdwC0g=="],

    "fast-string-width": ["fast-string-width@3.0.2", "", { "dependencies": { "fast-string-truncated-width": "^3.0.2" } }, "sha512-gX8LrtNEI5hq8DVUfRQMbr5lpaS4nMIWV+7XEbXk2b8kiQIizgnlr12B4dA3ZEx3308ze0O4Q1R+cHts8kyUJg=="],

    "fast-wrap-ansi": ["fast-wrap-ansi@0.2.0", "", { "dependencies": { "fast-string-width": "^3.0.2" } }, "sha512-rLV8JHxTyhVmFYhBJuMujcrHqOT2cnO5Zxj37qROj23CP39GXubJRBUFF0z8KFK77Uc0SukZUf7JZhsVEQ6n8w=="],

    "fast-xml-builder": ["fast-xml-builder@1.1.4", "", { "dependencies": { "path-expression-matcher": "^1.1.3" } }, "sha512-f2jhpN4Eccy0/Uz9csxh3Nu6q4ErKxf0XIsasomfOihuSUa3/xw6w8dnOtCDgEItQFJG8KyXPzQXzcODDrrbOg=="],

    "fast-xml-parser": ["fast-xml-parser@5.5.6", "", { "dependencies": { "fast-xml-builder": "^1.1.4", "path-expression-matcher": "^1.1.3", "strnum": "^2.1.2" }, "bin": { "fxparser": "src/cli/cli.js" } }, "sha512-3+fdZyBRVg29n4rXP0joHthhcHdPUHaIC16cuyyd1iLsuaO6Vea36MPrxgAzbZna8lhvZeRL8Bc9GP56/J9xEw=="],

    "iconv-lite": ["iconv-lite@0.7.2", "", { "dependencies": { "safer-buffer": ">= 2.1.2 < 3.0.0" } }, "sha512-im9DjEDQ55s9fL4EYzOAv0yMqmMBSZp6G0VvFyTMPKWxiSBHUj9NW/qqLmXUwXrrM7AvqSlTCfvqRb0cM8yYqw=="],

    "inquirer": ["inquirer@13.3.2", "", { "dependencies": { "@inquirer/ansi": "^2.0.4", "@inquirer/core": "^11.1.7", "@inquirer/prompts": "^8.3.2", "@inquirer/type": "^4.0.4", "mute-stream": "^3.0.0", "run-async": "^4.0.6", "rxjs": "^7.8.2" }, "peerDependencies": { "@types/node": ">=18" }, "optionalPeers": ["@types/node"] }, "sha512-bh/OjBGxNR9qvfQj1n5bxtIF58mbOTp2InN5dKuwUK03dXcDGFsjlDinQRuXMZ4EGiJaFieUWHCAaxH2p7iUBw=="],

    "is-stream": ["is-stream@2.0.1", "", {}, "sha512-hFoiJiTl63nn+kstHGBtewWSKnQLpyb155KHheA1l39uvtO9nWIop1p3udqPcUd/xbF1VLMO4n7OI6p7RbngDg=="],

    "js-yaml": ["js-yaml@4.1.1", "", { "dependencies": { "argparse": "^2.0.1" }, "bin": { "js-yaml": "bin/js-yaml.js" } }, "sha512-qQKT4zQxXl8lLwBtHMWwaTcGfFOZviOJet3Oy/xmGk2gZH677CJM9EvtfdSkgWcATZhj/55JZ0rmy3myCT5lsA=="],

    "make-dir": ["make-dir@3.1.0", "", { "dependencies": { "semver": "^6.0.0" } }, "sha512-g3FeP20LNwhALb/6Cz6Dd4F2ngze0jz7tbzrD2wAV+o9FeNHe4rL+yK2md0J/fiSf1sa1ADhXqi5+oVwOM/eGw=="],

    "mute-stream": ["mute-stream@3.0.0", "", {}, "sha512-dkEJPVvun4FryqBmZ5KhDo0K9iDXAwn08tMLDinNdRBNPcYEDiWYysLcc6k3mjTMlbP9KyylvRpd4wFtwrT9rw=="],

    "nan": ["nan@2.25.0", "", {}, "sha512-0M90Ag7Xn5KMLLZ7zliPWP3rT90P6PN+IzVFS0VqmnPktBk3700xUVv8Ikm9EUaUE5SDWdp/BIxdENzVznpm1g=="],

    "node-ssh": ["node-ssh@13.2.1", "", { "dependencies": { "is-stream": "^2.0.0", "make-dir": "^3.1.0", "sb-promise-queue": "^2.1.0", "sb-scandir": "^3.1.0", "shell-escape": "^0.2.0", "ssh2": "^1.14.0" } }, "sha512-rfl4GWMygQfzlExPkQ2LWyya5n2jOBm5vhEnup+4mdw7tQhNpJWbP5ldr09Jfj93k5SfY5lxcn8od5qrQ/6mBg=="],

    "on-exit-leak-free": ["on-exit-leak-free@2.1.2", "", {}, "sha512-0eJJY6hXLGf1udHwfNftBqH+g73EU4B504nZeKpz1sYRKafAghwxEJunB2O7rDZkL4PGfsMVnTXZ2EjibbqcsA=="],

    "path-expression-matcher": ["path-expression-matcher@1.1.3", "", {}, "sha512-qdVgY8KXmVdJZRSS1JdEPOKPdTiEK/pi0RkcT2sw1RhXxohdujUlJFPuS1TSkevZ9vzd3ZlL7ULl1MHGTApKzQ=="],

    "pino": ["pino@10.3.1", "", { "dependencies": { "@pinojs/redact": "^0.4.0", "atomic-sleep": "^1.0.0", "on-exit-leak-free": "^2.1.0", "pino-abstract-transport": "^3.0.0", "pino-std-serializers": "^7.0.0", "process-warning": "^5.0.0", "quick-format-unescaped": "^4.0.3", "real-require": "^0.2.0", "safe-stable-stringify": "^2.3.1", "sonic-boom": "^4.0.1", "thread-stream": "^4.0.0" }, "bin": { "pino": "bin.js" } }, "sha512-r34yH/GlQpKZbU1BvFFqOjhISRo1MNx1tWYsYvmj6KIRHSPMT2+yHOEb1SG6NMvRoHRF0a07kCOox/9yakl1vg=="],

    "pino-abstract-transport": ["pino-abstract-transport@3.0.0", "", { "dependencies": { "split2": "^4.0.0" } }, "sha512-wlfUczU+n7Hy/Ha5j9a/gZNy7We5+cXp8YL+X+PG8S0KXxw7n/JXA3c46Y0zQznIJ83URJiwy7Lh56WLokNuxg=="],

    "pino-std-serializers": ["pino-std-serializers@7.1.0", "", {}, "sha512-BndPH67/JxGExRgiX1dX0w1FvZck5Wa4aal9198SrRhZjH3GxKQUKIBnYJTdj2HDN3UQAS06HlfcSbQj2OHmaw=="],

    "process-warning": ["process-warning@5.0.0", "", {}, "sha512-a39t9ApHNx2L4+HBnQKqxxHNs1r7KF+Intd8Q/g1bUh6q0WIp9voPXJ/x0j+ZL45KF1pJd9+q2jLIRMfvEshkA=="],

    "quick-format-unescaped": ["quick-format-unescaped@4.0.4", "", {}, "sha512-tYC1Q1hgyRuHgloV/YXs2w15unPVh8qfu/qCTfhTYamaw7fyhumKa2yGpdSo87vY32rIclj+4fWYQXUMs9EHvg=="],

    "real-require": ["real-require@0.2.0", "", {}, "sha512-57frrGM/OCTLqLOAh0mhVA9VBMHd+9U7Zb2THMGdBUoZVOtGbJzjxsYGDJ3A9AYYCP4hn6y1TVbaOfzWtm5GFg=="],

    "run-async": ["run-async@4.0.6", "", {}, "sha512-IoDlSLTs3Yq593mb3ZoKWKXMNu3UpObxhgA/Xuid5p4bbfi2jdY1Hj0m1K+0/tEuQTxIGMhQDqGjKb7RuxGpAQ=="],

    "rxjs": ["rxjs@7.8.2", "", { "dependencies": { "tslib": "^2.1.0" } }, "sha512-dhKf903U/PQZY6boNNtAGdWbG85WAbjT/1xYoZIC7FAY0yWapOBQVsVrDl58W86//e1VpMNBtRV4MaXfdMySFA=="],

    "safe-stable-stringify": ["safe-stable-stringify@2.5.0", "", {}, "sha512-b3rppTKm9T+PsVCBEOUR46GWI7fdOs00VKZ1+9c1EWDaDMvjQc6tUwuFyIprgGgTcWoVHSKrU8H31ZHA2e0RHA=="],

    "safer-buffer": ["safer-buffer@2.1.2", "", {}, "sha512-YZo3K82SD7Riyi0E1EQPojLz7kpepnSQI9IyPbHHg1XXXevb5dJI7tpyN2ADxGcQbHG7vcyRHk0cbwqcQriUtg=="],

    "sb-promise-queue": ["sb-promise-queue@2.1.1", "", {}, "sha512-qXfdcJQMxMljxmPprn4Q4hl3pJmoljSCzUvvEBa9Kscewnv56n0KqrO6yWSrGLOL9E021wcGdPa39CHGKA6G0w=="],

    "sb-scandir": ["sb-scandir@3.1.1", "", { "dependencies": { "sb-promise-queue": "^2.1.0" } }, "sha512-Q5xiQMtoragW9z8YsVYTAZcew+cRzdVBefPbb9theaIKw6cBo34WonP9qOCTKgyAmn/Ch5gmtAxT/krUgMILpA=="],

    "semver": ["semver@6.3.1", "", { "bin": { "semver": "bin/semver.js" } }, "sha512-BR7VvDCVHO+q2xBEWskxS6DJE1qRnb7DxzUrogb71CWoSficBxYsiAGd+Kl0mmq/MprG9yArRkyrQxTO6XjMzA=="],

    "shell-escape": ["shell-escape@0.2.0", "", {}, "sha512-uRRBT2MfEOyxuECseCZd28jC1AJ8hmqqneWQ4VWUTgCAFvb3wKU1jLqj6egC4Exrr88ogg3dp+zroH4wJuaXzw=="],

    "signal-exit": ["signal-exit@4.1.0", "", {}, "sha512-bzyZ1e88w9O1iNJbKnOlvYTrWPDl46O1bG0D3XInv+9tkPrxrN8jUUTiFlDkkmKWgn1M6CfIA13SuGqOa9Korw=="],

    "sonic-boom": ["sonic-boom@4.2.1", "", { "dependencies": { "atomic-sleep": "^1.0.0" } }, "sha512-w6AxtubXa2wTXAUsZMMWERrsIRAdrK0Sc+FUytWvYAhBJLyuI4llrMIC1DtlNSdI99EI86KZum2MMq3EAZlF9Q=="],

    "split2": ["split2@4.2.0", "", {}, "sha512-UcjcJOWknrNkF6PLX83qcHM6KHgVKNkV62Y8a5uYDVv9ydGQVwAHMKqHdJje1VTWpljG0WYpCDhrCdAOYH4TWg=="],

    "ssh2": ["ssh2@1.17.0", "", { "dependencies": { "asn1": "^0.2.6", "bcrypt-pbkdf": "^1.0.2" }, "optionalDependencies": { "cpu-features": "~0.0.10", "nan": "^2.23.0" } }, "sha512-wPldCk3asibAjQ/kziWQQt1Wh3PgDFpC0XpwclzKcdT1vql6KeYxf5LIt4nlFkUeR8WuphYMKqUA56X4rjbfgQ=="],

    "strnum": ["strnum@2.2.0", "", {}, "sha512-Y7Bj8XyJxnPAORMZj/xltsfo55uOiyHcU2tnAVzHUnSJR/KsEX+9RoDeXEnsXtl/CX4fAcrt64gZ13aGaWPeBg=="],

    "thread-stream": ["thread-stream@4.0.0", "", { "dependencies": { "real-require": "^0.2.0" } }, "sha512-4iMVL6HAINXWf1ZKZjIPcz5wYaOdPhtO8ATvZ+Xqp3BTdaqtAwQkNmKORqcIo5YkQqGXq5cwfswDwMqqQNrpJA=="],

    "tslib": ["tslib@2.8.1", "", {}, "sha512-oJFu94HQb+KVduSUQL7wnpmqnfmLsOA/nAh6b6EH0wCEoK0/mPeXU6c3wKDV83MkOuHPRHtSXKKU99IBazS/2w=="],

    "tweetnacl": ["tweetnacl@0.14.5", "", {}, "sha512-KXXFFdAbFXY4geFIwoyNK+f5Z1b7swfXABfL7HXCmoIWMKU3dmS26672A4EeQtDzLKy7SXmfBu51JolvEKwtGA=="],

    "twofish-ts": ["twofish-ts@1.0.2", "", {}, "sha512-ogx3C6CE/zviqpFApfixBIqxzfF0P8lO1e0ep0w7squTLmGMnbYx/s7CutQCmRxQO68XUvY4iseeQ09rNITYOA=="],

    "typescript": ["typescript@5.9.3", "", { "bin": { "tsc": "bin/tsc", "tsserver": "bin/tsserver" } }, "sha512-jl1vZzPDinLr9eUt3J/t7V6FgNEw9QjvBPdysz9KfQDD41fQrC2Y4vKQdiaUpFT4bXlb1RHhLpp8wtm6M5TgSw=="],

    "undici-types": ["undici-types@7.18.2", "", {}, "sha512-AsuCzffGHJybSaRrmr5eHr81mwJU3kjw6M+uprWvCXiNeN9SOGwQ3Jn8jb8m3Z6izVgknn1R0FTCEAP2QrLY/w=="],

    "zod": ["zod@4.3.6", "", {}, "sha512-rftlrkhHZOcjDwkGlnUtZZkvaPHCsDATp4pGpuOOMDaTdDDXF91wuVDJoWoPsKX/3YPQ5fHuF3STjcYyKr+Qhg=="],
  }
}
